
Microsoft Visual Studio Solution File, Format Version 12.00
# Visual Studio Version 17
VisualStudioVersion = 17.10.35027.167
MinimumVisualStudioVersion = 10.0.40219.1
Project("{9A19103F-16F7-4668-BE54-9A1E7A4F7556}") = "SVappsLAB.iRacingTelemetrySDK", "SVappsLAB.iRacingTelemetrySDK\SVappsLAB.iRacingTelemetrySDK.csproj", "{30E3D703-1A4D-46A3-BD8E-60C6F618851C}"
EndProject
Project("{9A19103F-16F7-4668-BE54-9A1E7A4F7556}") = "SVappsLAB.iRacingTelemetrySDK.CodeGen", "SVappsLAB.iRacingTelemetrySDK.CodeGen\SVappsLAB.iRacingTelemetrySDK.CodeGen.csproj", "{43B734CD-214D-4F91-8083-5B199933B602}"
EndProject
Project("{2150E333-8FDC-42A3-9474-1A3956D46DE8}") = "tests", "tests", "{B72EA0DF-4C9E-46DA-B581-3E5A456E711C}"
EndProject
Project("{9A19103F-16F7-4668-BE54-9A1E7A4F7556}") = "UnitTests", "tests\UnitTests\UnitTests.csproj", "{21625842-A56A-4F10-8F12-E6E27C5A167B}"
EndProject
Project("{9A19103F-16F7-4668-BE54-9A1E7A4F7556}") = "IBT_Tests", "tests\IBT_Tests\IBT_Tests.csproj", "{C15621B4-C2E5-4A3C-A36F-F252E823EA72}"
EndProject
Project("{9A19103F-16F7-4668-BE54-9A1E7A4F7556}") = "Live_Tests", "tests\Live_Tests\Live_Tests.csproj", "{42A7E161-8B51-4D06-9FEF-2430A6E27567}"
EndProject
Project("{FAE04EC0-301F-11D3-BF4B-00C04F79EFBC}") = "SVappsLAB.iRacingTelemetrySDK.Enums", "SVappsLAB.iRacingTelemetrySDK.Enums\SVappsLAB.iRacingTelemetrySDK.Enums.csproj", "{33B96CF1-348F-4143-BD67-CB842762B07B}"
EndProject
Project("{2150E333-8FDC-42A3-9474-1A3956D46DE8}") = "Extras", "Extras", "{09B1AB62-FEF3-472D-BD82-C02514C84177}"
	ProjectSection(SolutionItems) = preProject
		..\LICENSE = ..\LICENSE
		..\README.md = ..\README.md
	EndProjectSection
EndProject
Global
	GlobalSection(SolutionConfigurationPlatforms) = preSolution
		Debug|Any CPU = Debug|Any CPU
		Release|Any CPU = Release|Any CPU
	EndGlobalSection
	GlobalSection(ProjectConfigurationPlatforms) = postSolution
		{30E3D703-1A4D-46A3-BD8E-60C6F618851C}.Debug|Any CPU.ActiveCfg = Debug|Any CPU
		{30E3D703-1A4D-46A3-BD8E-60C6F618851C}.Debug|Any CPU.Build.0 = Debug|Any CPU
		{30E3D703-1A4D-46A3-BD8E-60C6F618851C}.Release|Any CPU.ActiveCfg = Release|Any CPU
		{30E3D703-1A4D-46A3-BD8E-60C6F618851C}.Release|Any CPU.Build.0 = Release|Any CPU
		{43B734CD-214D-4F91-8083-5B199933B602}.Debug|Any CPU.ActiveCfg = Debug|Any CPU
		{43B734CD-214D-4F91-8083-5B199933B602}.Debug|Any CPU.Build.0 = Debug|Any CPU
		{43B734CD-214D-4F91-8083-5B199933B602}.Release|Any CPU.ActiveCfg = Release|Any CPU
		{43B734CD-214D-4F91-8083-5B199933B602}.Release|Any CPU.Build.0 = Release|Any CPU
		{21625842-A56A-4F10-8F12-E6E27C5A167B}.Debug|Any CPU.ActiveCfg = Debug|Any CPU
		{21625842-A56A-4F10-8F12-E6E27C5A167B}.Debug|Any CPU.Build.0 = Debug|Any CPU
		{21625842-A56A-4F10-8F12-E6E27C5A167B}.Release|Any CPU.ActiveCfg = Release|Any CPU
		{21625842-A56A-4F10-8F12-E6E27C5A167B}.Release|Any CPU.Build.0 = Release|Any CPU
		{C15621B4-C2E5-4A3C-A36F-F252E823EA72}.Debug|Any CPU.ActiveCfg = Debug|Any CPU
		{C15621B4-C2E5-4A3C-A36F-F252E823EA72}.Debug|Any CPU.Build.0 = Debug|Any CPU
		{C15621B4-C2E5-4A3C-A36F-F252E823EA72}.Release|Any CPU.ActiveCfg = Release|Any CPU
		{C15621B4-C2E5-4A3C-A36F-F252E823EA72}.Release|Any CPU.Build.0 = Release|Any CPU
		{42A7E161-8B51-4D06-9FEF-2430A6E27567}.Debug|Any CPU.ActiveCfg = Debug|Any CPU
		{42A7E161-8B51-4D06-9FEF-2430A6E27567}.Debug|Any CPU.Build.0 = Debug|Any CPU
		{42A7E161-8B51-4D06-9FEF-2430A6E27567}.Release|Any CPU.ActiveCfg = Release|Any CPU
		{42A7E161-8B51-4D06-9FEF-2430A6E27567}.Release|Any CPU.Build.0 = Release|Any CPU
		{33B96CF1-348F-4143-BD67-CB842762B07B}.Debug|Any CPU.ActiveCfg = Debug|Any CPU
		{33B96CF1-348F-4143-BD67-CB842762B07B}.Debug|Any CPU.Build.0 = Debug|Any CPU
		{33B96CF1-348F-4143-BD67-CB842762B07B}.Release|Any CPU.ActiveCfg = Release|Any CPU
		{33B96CF1-348F-4143-BD67-CB842762B07B}.Release|Any CPU.Build.0 = Release|Any CPU
	EndGlobalSection
	GlobalSection(SolutionProperties) = preSolution
		HideSolutionNode = FALSE
	EndGlobalSection
	GlobalSection(NestedProjects) = preSolution
		{21625842-A56A-4F10-8F12-E6E27C5A167B} = {B72EA0DF-4C9E-46DA-B581-3E5A456E711C}
		{C15621B4-C2E5-4A3C-A36F-F252E823EA72} = {B72EA0DF-4C9E-46DA-B581-3E5A456E711C}
		{42A7E161-8B51-4D06-9FEF-2430A6E27567} = {B72EA0DF-4C9E-46DA-B581-3E5A456E711C}
	EndGlobalSection
	GlobalSection(ExtensibilityGlobals) = postSolution
		SolutionGuid = {A774B726-6C97-4ECE-AB77-C788463CA995}
	EndGlobalSection
EndGlobal
